{
  "name": "YT-GENAi",
  "lockfileVersion": 3,
  "requires": true,
  "packages": {
    "": {
      "devDependencies": {
        "daisyui": "^5.7.16"
      }
    },
    "node_modules/daisyui": {
      "version": "5.7.16",
      "resolved": "https://registry.npmjs.org/daisyui/-/daisyui-5.7.16.tgz",
      "integrity": "sha512-V9CJxvrWIXTDuP/0tpijjWaKaKJNYo2IrULJfTWs3/DjW9rPqswk1n8NCLQRLrTutmlG2Ech7nkJDpCnF+6Dzw==",
      "dev": true,
      "license": "MIT",
      "funding": {
        "url": "https://github.com/saadeghi/daisyui?sponsor=1"
      }
    }
  }
}
